
Microsoft Visual Studio Solution File, Format Version 12.00
# Visual Studio Version 17
VisualStudioVersion = 17.11.35312.102
MinimumVisualStudioVersion = 10.0.40219.1
Project("{FAE04EC0-301F-11D3-BF4B-00C04F79EFBC}") = "S-Lab2", "S-Lab2\S-Lab2.csproj", "{1F5D0381-E05C-4E74-9FCC-96AAF254932E}"
EndProject
Global
	GlobalSection(SolutionConfigurationPlatforms) = preSolution
		Debug|Any CPU = Debug|Any CPU
		Release|Any CPU = Release|Any CPU
	EndGlobalSection
	GlobalSection(ProjectConfigurationPlatforms) = postSolution
		{1F5D0381-E05C-4E74-9FCC-96AAF254932E}.Debug|Any CPU.ActiveCfg = Debug|Any CPU
		{1F5D0381-E05C-4E74-9FCC-96AAF254932E}.Debug|Any CPU.Build.0 = Debug|Any CPU
		{1F5D0381-E05C-4E74-9FCC-96AAF254932E}.Release|Any CPU.ActiveCfg = Release|Any CPU
		{1F5D0381-E05C-4E74-9FCC-96AAF254932E}.Release|Any CPU.Build.0 = Release|Any CPU
	EndGlobalSection
	GlobalSection(SolutionProperties) = preSolution
		HideSolutionNode = FALSE
	EndGlobalSection
	GlobalSection(ExtensibilityGlobals) = postSolution
		SolutionGuid = {2C39E643-B0AE-4CD9-BC57-5C5F3A70EB68}
	EndGlobalSection
EndGlobal
